Microsoft Visual Studio Solution File, Format Version 12.00
# Visual Studio 15
VisualStudioVersion = 15.0.27004.2002
MinimumVisualStudioVersion = 10.0.40219.1
Project("{FAE04EC0-301F-11D3-BF4B-00C04F79EFBC}") = "ShareWithUs", "ShareWithUs\ShareWithUs.csproj", "{0D1DB784-C7C0-4623-A8A6-29CD03D3C852}"
EndProject
Project("{FAE04EC0-301F-11D3-BF4B-00C04F79EFBC}") = "ShareWithUs.Tests", "ShareWithUs.Tests\ShareWithUs.Tests.csproj", "{2242D80C-ECE1-4061-8244-9751FA3FAA19}"
EndProject
Global
	GlobalSection(SolutionConfigurationPlatforms) = preSolution
		Debug|Any CPU = Debug|Any CPU
		Release|Any CPU = Release|Any CPU
	EndGlobalSection
	GlobalSection(ProjectConfigurationPlatforms) = postSolution
		{0D1DB784-C7C0-4623-A8A6-29CD03D3C852}.Debug|Any CPU.ActiveCfg = Debug|Any CPU
		{0D1DB784-C7C0-4623-A8A6-29CD03D3C852}.Debug|Any CPU.Build.0 = Debug|Any CPU
		{0D1DB784-C7C0-4623-A8A6-29CD03D3C852}.Release|Any CPU.ActiveCfg = Release|Any CPU
		{0D1DB784-C7C0-4623-A8A6-29CD03D3C852}.Release|Any CPU.Build.0 = Release|Any CPU
		{2242D80C-ECE1-4061-8244-9751FA3FAA19}.Debug|Any CPU.ActiveCfg = Debug|Any CPU
		{2242D80C-ECE1-4061-8244-9751FA3FAA19}.Debug|Any CPU.Build.0 = Debug|Any CPU
		{2242D80C-ECE1-4061-8244-9751FA3FAA19}.Release|Any CPU.ActiveCfg = Release|Any CPU
		{2242D80C-ECE1-4061-8244-9751FA3FAA19}.Release|Any CPU.Build.0 = Release|Any CPU
	EndGlobalSection
	GlobalSection(SolutionProperties) = preSolution
		HideSolutionNode = FALSE
	EndGlobalSection
	GlobalSection(ExtensibilityGlobals) = postSolution
		SolutionGuid = {404C1757-A211-420D-A80C-C0FFD40B70E3}
	EndGlobalSection
EndGlobal
